
Microsoft Visual Studio Solution File, Format Version 12.00
# Visual Studio Version 16
VisualStudioVersion = 16.0.29709.97
MinimumVisualStudioVersion = 10.0.40219.1
Project("{FAE04EC0-301F-11D3-BF4B-00C04F79EFBC}") = "Week2Proj", "Week2Proj.csproj", "{4A9D0C50-B20D-439E-AA4F-B17E8688981E}"
EndProject
Global
	GlobalSection(SolutionConfigurationPlatforms) = preSolution
		Debug|x86 = Debug|x86
		Release|x86 = Release|x86
	EndGlobalSection
	GlobalSection(ProjectConfigurationPlatforms) = postSolution
		{4A9D0C50-B20D-439E-AA4F-B17E8688981E}.Debug|x86.ActiveCfg = Debug|x86
		{4A9D0C50-B20D-439E-AA4F-B17E8688981E}.Debug|x86.Build.0 = Debug|x86
		{4A9D0C50-B20D-439E-AA4F-B17E8688981E}.Release|x86.ActiveCfg = Release|x86
		{4A9D0C50-B20D-439E-AA4F-B17E8688981E}.Release|x86.Build.0 = Release|x86
	EndGlobalSection
	GlobalSection(SolutionProperties) = preSolution
		HideSolutionNode = FALSE
	EndGlobalSection
	GlobalSection(ExtensibilityGlobals) = postSolution
		SolutionGuid = {D9A60F61-5FAC-4A22-871F-D9D8D7DF7526}
	EndGlobalSection
EndGlobal
