
Microsoft Visual Studio Solution File, Format Version 12.00
# Visual Studio Version 16
VisualStudioVersion = 16.0.29709.97
MinimumVisualStudioVersion = 10.0.40219.1
Project("{2150E333-8FDC-42A3-9474-1A3956D46DE8}") = "Week 1", "Week 1", "{D6F23351-2D78-4695-AA4F-B0F40AD034F5}"
EndProject
Project("{FAE04EC0-301F-11D3-BF4B-00C04F79EFBC}") = "MyFirstWPFApp", "Week 1\MyFirstWPFApp.csproj", "{CA2188A6-E3C7-4A61-A283-1E122F587161}"
EndProject
Project("{2150E333-8FDC-42A3-9474-1A3956D46DE8}") = "Week 2", "Week 2", "{3ED875F0-A172-4043-A37A-37480192B2FD}"
EndProject
Project("{FAE04EC0-301F-11D3-BF4B-00C04F79EFBC}") = "Assignment1", "Week 2\Assignment1.csproj", "{3B0E059C-2350-4A9B-9FCD-1A5986FB441F}"
EndProject
Project("{FAE04EC0-301F-11D3-BF4B-00C04F79EFBC}") = "Week2Proj", "Week 2\Week2Proj.csproj", "{4A9D0C50-B20D-439E-AA4F-B17E8688981E}"
EndProject
Project("{2150E333-8FDC-42A3-9474-1A3956D46DE8}") = "Week 3", "Week 3", "{F548F1E1-4336-44B9-890C-DB9BD16204E4}"
EndProject
Project("{FAE04EC0-301F-11D3-BF4B-00C04F79EFBC}") = "simpleCalc", "Week 3\simpleCalc\simpleCalc.csproj", "{B54D7AA6-AF78-4987-BF68-76DDE21699E1}"
EndProject
Project("{2150E333-8FDC-42A3-9474-1A3956D46DE8}") = "Week 4", "Week 4", "{50A0EB88-6F60-4895-8B9B-CD07D1A4D6DB}"
EndProject
Project("{FAE04EC0-301F-11D3-BF4B-00C04F79EFBC}") = "Week 4", "Week 4\Week 4\Week 4.csproj", "{F9BAB00E-42DC-44EE-82DF-A4A1F7B7BCE8}"
EndProject
Project("{2150E333-8FDC-42A3-9474-1A3956D46DE8}") = "SimpleDataBindingDemo", "SimpleDataBindingDemo", "{2D522EA9-4742-4621-AF1E-7C7C0ADC0460}"
EndProject
Project("{FAE04EC0-301F-11D3-BF4B-00C04F79EFBC}") = "SimpleDataBindingDemo", "Week 4\SimpleDataBindingDemo\SimpleDataBindingDemo.csproj", "{FCE661A7-9A33-4D74-874E-C31D1CFD7576}"
EndProject
Project("{2150E333-8FDC-42A3-9474-1A3956D46DE8}") = "simpleCalc", "simpleCalc", "{F3B6E8D9-9FCD-4B67-99BF-FC72E2D1B735}"
EndProject
Project("{FAE04EC0-301F-11D3-BF4B-00C04F79EFBC}") = "simpleCalc", "Week 4\simpleCalc\simpleCalc.csproj", "{8A42C677-C4B7-4BFD-834C-EBC4EBA83E19}"
EndProject
Project("{2150E333-8FDC-42A3-9474-1A3956D46DE8}") = "Week 4 Homework", "Week 4 Homework", "{2591E7C3-9CA0-4E88-BBB4-B09F2DBC75A6}"
EndProject
Project("{2150E333-8FDC-42A3-9474-1A3956D46DE8}") = "Week 5", "Week 5", "{832F5199-09E1-48C5-92F8-AF7303EEE703}"
EndProject
Project("{9A19103F-16F7-4668-BE54-9A1E7A4F7556}") = "CombinedLayouts", "Week 5\CombinedLayouts\CombinedLayouts.csproj", "{180E1EB4-EE26-413E-B87C-4735DFFD6941}"
EndProject
Project("{2150E333-8FDC-42A3-9474-1A3956D46DE8}") = "Week 6", "Week 6", "{D7470BC8-5535-4A3F-8212-F59D0CD4A95E}"
EndProject
Project("{FAE04EC0-301F-11D3-BF4B-00C04F79EFBC}") = "Week 6", "Week 6\Week 6\Week 6.csproj", "{E689664C-430F-4C2E-995C-6CAE6EDB73DE}"
EndProject
Project("{2150E333-8FDC-42A3-9474-1A3956D46DE8}") = "ObservableCollectionsDemo", "ObservableCollectionsDemo", "{CBF327D8-E178-44E6-8983-2A2414EB46BC}"
EndProject
Project("{2150E333-8FDC-42A3-9474-1A3956D46DE8}") = "Canvas_ObsCollection_Project", "Canvas_ObsCollection_Project", "{98714E39-35CA-4276-A66B-E03677CA712E}"
EndProject
Project("{FAE04EC0-301F-11D3-BF4B-00C04F79EFBC}") = "ObservableCollectionsDemo", "Week 6\ObservableCollectionsDemo\ObservableCollectionsDemo\ObservableCollectionsDemo.csproj", "{4205C9DF-8E34-4690-99DE-2C98962BEC53}"
EndProject
Project("{FAE04EC0-301F-11D3-BF4B-00C04F79EFBC}") = "Canvas_ObsCollection_Project", "Week 6\Canvas_ObsCollection_Project\Canvas_ObsCollection_Project\Canvas_ObsCollection_Project.csproj", "{FCC4C1C0-AA6C-4858-BCBA-3C2CCDE49102}"
EndProject
Project("{2150E333-8FDC-42A3-9474-1A3956D46DE8}") = "Week 7", "Week 7", "{0C793DE9-351A-4698-B6F5-0FA14F6D71C7}"
EndProject
Project("{FAE04EC0-301F-11D3-BF4B-00C04F79EFBC}") = "Week 7", "Week 7\Week 7\Week 7.csproj", "{9E967D7F-100E-4021-96B4-EE5D774AA9ED}"
EndProject
Project("{2150E333-8FDC-42A3-9474-1A3956D46DE8}") = "TimerDemo", "TimerDemo", "{52A2E0F1-6021-4FFA-81A3-1FE8F0EE7012}"
EndProject
Project("{2150E333-8FDC-42A3-9474-1A3956D46DE8}") = "PrecisionTimer", "PrecisionTimer", "{44A4140E-1C88-421D-8D62-1301B000049B}"
EndProject
Project("{2150E333-8FDC-42A3-9474-1A3956D46DE8}") = "PaddleDemo", "PaddleDemo", "{2084B055-6F28-4807-BE1E-5C5A9935BB36}"
EndProject
Project("{2150E333-8FDC-42A3-9474-1A3956D46DE8}") = "MousePosition", "MousePosition", "{D6245196-2EF0-48E3-B841-FFBB91E4BE0D}"
EndProject
Project("{2150E333-8FDC-42A3-9474-1A3956D46DE8}") = "BouncingBall", "BouncingBall", "{A3F4E60D-E780-4D0C-9012-79D181031292}"
EndProject
Project("{FAE04EC0-301F-11D3-BF4B-00C04F79EFBC}") = "TimerDemo", "Week 7\TimerDemo\TimerDemo\TimerDemo.csproj", "{77654024-2052-485A-825E-7E555B12861C}"
	ProjectSection(ProjectDependencies) = postProject
		{FC96A2B2-C49B-4BE6-832A-9E5BD28675BE} = {FC96A2B2-C49B-4BE6-832A-9E5BD28675BE}
	EndProjectSection
EndProject
Project("{FAE04EC0-301F-11D3-BF4B-00C04F79EFBC}") = "PrecisionTimers", "Week 7\PrecisionTimer\MMTimer\PrecisionTimers.csproj", "{5AA4B75F-FD4C-4D0C-B945-22F0E3C5F5C7}"
EndProject
Project("{FAE04EC0-301F-11D3-BF4B-00C04F79EFBC}") = "PaddleDemo", "Week 7\PaddleDemo\PaddleDemo\PaddleDemo.csproj", "{A0BD60CB-C53B-4F80-B48E-E02363908876}"
EndProject
Project("{FAE04EC0-301F-11D3-BF4B-00C04F79EFBC}") = "MousePosition", "Week 7\MousePosition\MousePosition\MousePosition.csproj", "{D1EA4222-0C5E-42DD-B5E5-2AA68993E98C}"
EndProject
Project("{FAE04EC0-301F-11D3-BF4B-00C04F79EFBC}") = "BouncingBall", "Week 7\BouncingBall\BouncingBall\BouncingBall.csproj", "{83F2314A-8521-417F-BCE7-4CFF447242BF}"
EndProject
Project("{2150E333-8FDC-42A3-9474-1A3956D46DE8}") = "Week 8", "Week 8", "{F6B7E235-1B97-4FA8-9BD2-F0B914ABEFE3}"
EndProject
Project("{FAE04EC0-301F-11D3-BF4B-00C04F79EFBC}") = "PushBallCollection", "Week 8\PushBallCollection\PushBallCollection.csproj", "{1A2DBB76-FFFC-421C-8CFB-B29C531E8A83}"
EndProject
Project("{2150E333-8FDC-42A3-9474-1A3956D46DE8}") = "Week 9", "Week 9", "{AC9FCD66-BD43-4768-BE22-FCACCF1CCA2D}"
EndProject
Project("{FAE04EC0-301F-11D3-BF4B-00C04F79EFBC}") = "Week 9", "Week 9\Week 9\Week 9.csproj", "{5946DD3C-8030-44B6-B58C-A05CF047E071}"
EndProject
Project("{2150E333-8FDC-42A3-9474-1A3956D46DE8}") = "TimerDemo", "TimerDemo", "{B94E3E3A-6E32-4196-B591-F1D806391EC0}"
EndProject
Project("{FAE04EC0-301F-11D3-BF4B-00C04F79EFBC}") = "TimerDemo", "Week 9\TimerDemo\TimerDemo.csproj", "{2F098758-44DB-4D39-A4C0-598F304F29EA}"
EndProject
Project("{2150E333-8FDC-42A3-9474-1A3956D46DE8}") = "SampleThread", "SampleThread", "{9F274987-493B-4FE1-9B6E-96C2EE9E46B4}"
EndProject
Project("{2150E333-8FDC-42A3-9474-1A3956D46DE8}") = "MMTimer", "MMTimer", "{5AFA0574-D5F4-4EAE-A719-B8336EDDF3B1}"
EndProject
Project("{2150E333-8FDC-42A3-9474-1A3956D46DE8}") = "BouncingBall", "BouncingBall", "{6547266A-7E56-4DEC-A56C-0E63DD27913B}"
EndProject
Project("{FAE04EC0-301F-11D3-BF4B-00C04F79EFBC}") = "BouncingBall", "Week 9\BouncingBall\BouncingBall.csproj", "{F55E6AFD-F06F-425D-BC82-E558994CA1C9}"
EndProject
Project("{FAE04EC0-301F-11D3-BF4B-00C04F79EFBC}") = "PrecisionTimers", "Week 9\MMTimer\PrecisionTimers.csproj", "{FC96A2B2-C49B-4BE6-832A-9E5BD28675BE}"
EndProject
Project("{FAE04EC0-301F-11D3-BF4B-00C04F79EFBC}") = "SampleThread", "Week 9\SampleThread\SampleThread.csproj", "{469005C8-9002-4946-B015-46F92F6B7A00}"
EndProject
Project("{2150E333-8FDC-42A3-9474-1A3956D46DE8}") = "Week 6 TicTacToe", "Week 6 TicTacToe", "{ED8F7782-26F5-4A59-B03F-243C2BB94946}"
EndProject
Project("{2150E333-8FDC-42A3-9474-1A3956D46DE8}") = "ConsoleApp", "ConsoleApp", "{E39EC7BE-BF3A-42AF-A12D-45C24E9F7F97}"
EndProject
Project("{FAE04EC0-301F-11D3-BF4B-00C04F79EFBC}") = "ConsoleApp", "ConsoleApp\ConsoleApp.csproj", "{51623D1E-2800-40D4-9F15-F2CA56622B91}"
EndProject
Project("{FAE04EC0-301F-11D3-BF4B-00C04F79EFBC}") = "TicTacToe", "Week 6 TicTacToe\TicTacToe\TicTacToe.csproj", "{FFDFBBCD-30A8-46B9-A537-2BD3CF32D19A}"
EndProject
Project("{FAE04EC0-301F-11D3-BF4B-00C04F79EFBC}") = "Week 4 Homework", "Week 4 Intersection Union\Week 4 Homework\Week 4 Homework.csproj", "{AE5E2942-C706-4516-8AFB-60CD54A039DB}"
EndProject
Project("{2150E333-8FDC-42A3-9474-1A3956D46DE8}") = "Week 9 BrickBreaker", "Week 9 BrickBreaker", "{90F594C6-3B4A-48CC-9342-C4784EC5E786}"
EndProject
Project("{FAE04EC0-301F-11D3-BF4B-00C04F79EFBC}") = "Homework 3 - BrickBreaker", "Week 9 BrickBreaker\Homework 3 - BrickBreaker\Homework 3 - BrickBreaker.csproj", "{324AD807-8C48-4AA1-8D0E-F64B530D3EE0}"
EndProject
Global
	GlobalSection(SolutionConfigurationPlatforms) = preSolution
		Debug|Any CPU = Debug|Any CPU
		Debug|x86 = Debug|x86
		Release|Any CPU = Release|Any CPU
		Release|x86 = Release|x86
	EndGlobalSection
	GlobalSection(ProjectConfigurationPlatforms) = postSolution
		{CA2188A6-E3C7-4A61-A283-1E122F587161}.Debug|Any CPU.ActiveCfg = Debug|Any CPU
		{CA2188A6-E3C7-4A61-A283-1E122F587161}.Debug|Any CPU.Build.0 = Debug|Any CPU
		{CA2188A6-E3C7-4A61-A283-1E122F587161}.Debug|x86.ActiveCfg = Debug|Any CPU
		{CA2188A6-E3C7-4A61-A283-1E122F587161}.Debug|x86.Build.0 = Debug|Any CPU
		{CA2188A6-E3C7-4A61-A283-1E122F587161}.Release|Any CPU.ActiveCfg = Release|Any CPU
		{CA2188A6-E3C7-4A61-A283-1E122F587161}.Release|Any CPU.Build.0 = Release|Any CPU
		{CA2188A6-E3C7-4A61-A283-1E122F587161}.Release|x86.ActiveCfg = Release|Any CPU
		{CA2188A6-E3C7-4A61-A283-1E122F587161}.Release|x86.Build.0 = Release|Any CPU
		{3B0E059C-2350-4A9B-9FCD-1A5986FB441F}.Debug|Any CPU.ActiveCfg = Debug|Any CPU
		{3B0E059C-2350-4A9B-9FCD-1A5986FB441F}.Debug|Any CPU.Build.0 = Debug|Any CPU
		{3B0E059C-2350-4A9B-9FCD-1A5986FB441F}.Debug|x86.ActiveCfg = Debug|Any CPU
		{3B0E059C-2350-4A9B-9FCD-1A5986FB441F}.Debug|x86.Build.0 = Debug|Any CPU
		{3B0E059C-2350-4A9B-9FCD-1A5986FB441F}.Release|Any CPU.ActiveCfg = Release|Any CPU
		{3B0E059C-2350-4A9B-9FCD-1A5986FB441F}.Release|Any CPU.Build.0 = Release|Any CPU
		{3B0E059C-2350-4A9B-9FCD-1A5986FB441F}.Release|x86.ActiveCfg = Release|Any CPU
		{3B0E059C-2350-4A9B-9FCD-1A5986FB441F}.Release|x86.Build.0 = Release|Any CPU
		{4A9D0C50-B20D-439E-AA4F-B17E8688981E}.Debug|Any CPU.ActiveCfg = Debug|x86
		{4A9D0C50-B20D-439E-AA4F-B17E8688981E}.Debug|x86.ActiveCfg = Debug|x86
		{4A9D0C50-B20D-439E-AA4F-B17E8688981E}.Debug|x86.Build.0 = Debug|x86
		{4A9D0C50-B20D-439E-AA4F-B17E8688981E}.Release|Any CPU.ActiveCfg = Release|x86
		{4A9D0C50-B20D-439E-AA4F-B17E8688981E}.Release|x86.ActiveCfg = Release|x86
		{4A9D0C50-B20D-439E-AA4F-B17E8688981E}.Release|x86.Build.0 = Release|x86
		{B54D7AA6-AF78-4987-BF68-76DDE21699E1}.Debug|Any CPU.ActiveCfg = Debug|Any CPU
		{B54D7AA6-AF78-4987-BF68-76DDE21699E1}.Debug|Any CPU.Build.0 = Debug|Any CPU
		{B54D7AA6-AF78-4987-BF68-76DDE21699E1}.Debug|x86.ActiveCfg = Debug|Any CPU
		{B54D7AA6-AF78-4987-BF68-76DDE21699E1}.Debug|x86.Build.0 = Debug|Any CPU
		{B54D7AA6-AF78-4987-BF68-76DDE21699E1}.Release|Any CPU.ActiveCfg = Release|Any CPU
		{B54D7AA6-AF78-4987-BF68-76DDE21699E1}.Release|Any CPU.Build.0 = Release|Any CPU
		{B54D7AA6-AF78-4987-BF68-76DDE21699E1}.Release|x86.ActiveCfg = Release|Any CPU
		{B54D7AA6-AF78-4987-BF68-76DDE21699E1}.Release|x86.Build.0 = Release|Any CPU
		{F9BAB00E-42DC-44EE-82DF-A4A1F7B7BCE8}.Debug|Any CPU.ActiveCfg = Debug|Any CPU
		{F9BAB00E-42DC-44EE-82DF-A4A1F7B7BCE8}.Debug|Any CPU.Build.0 = Debug|Any CPU
		{F9BAB00E-42DC-44EE-82DF-A4A1F7B7BCE8}.Debug|x86.ActiveCfg = Debug|Any CPU
		{F9BAB00E-42DC-44EE-82DF-A4A1F7B7BCE8}.Debug|x86.Build.0 = Debug|Any CPU
		{F9BAB00E-42DC-44EE-82DF-A4A1F7B7BCE8}.Release|Any CPU.ActiveCfg = Release|Any CPU
		{F9BAB00E-42DC-44EE-82DF-A4A1F7B7BCE8}.Release|Any CPU.Build.0 = Release|Any CPU
		{F9BAB00E-42DC-44EE-82DF-A4A1F7B7BCE8}.Release|x86.ActiveCfg = Release|Any CPU
		{F9BAB00E-42DC-44EE-82DF-A4A1F7B7BCE8}.Release|x86.Build.0 = Release|Any CPU
		{FCE661A7-9A33-4D74-874E-C31D1CFD7576}.Debug|Any CPU.ActiveCfg = Debug|Any CPU
		{FCE661A7-9A33-4D74-874E-C31D1CFD7576}.Debug|Any CPU.Build.0 = Debug|Any CPU
		{FCE661A7-9A33-4D74-874E-C31D1CFD7576}.Debug|x86.ActiveCfg = Debug|Any CPU
		{FCE661A7-9A33-4D74-874E-C31D1CFD7576}.Debug|x86.Build.0 = Debug|Any CPU
		{FCE661A7-9A33-4D74-874E-C31D1CFD7576}.Release|Any CPU.ActiveCfg = Release|Any CPU
		{FCE661A7-9A33-4D74-874E-C31D1CFD7576}.Release|Any CPU.Build.0 = Release|Any CPU
		{FCE661A7-9A33-4D74-874E-C31D1CFD7576}.Release|x86.ActiveCfg = Release|Any CPU
		{FCE661A7-9A33-4D74-874E-C31D1CFD7576}.Release|x86.Build.0 = Release|Any CPU
		{8A42C677-C4B7-4BFD-834C-EBC4EBA83E19}.Debug|Any CPU.ActiveCfg = Debug|Any CPU
		{8A42C677-C4B7-4BFD-834C-EBC4EBA83E19}.Debug|Any CPU.Build.0 = Debug|Any CPU
		{8A42C677-C4B7-4BFD-834C-EBC4EBA83E19}.Debug|x86.ActiveCfg = Debug|Any CPU
		{8A42C677-C4B7-4BFD-834C-EBC4EBA83E19}.Debug|x86.Build.0 = Debug|Any CPU
		{8A42C677-C4B7-4BFD-834C-EBC4EBA83E19}.Release|Any CPU.ActiveCfg = Release|Any CPU
		{8A42C677-C4B7-4BFD-834C-EBC4EBA83E19}.Release|Any CPU.Build.0 = Release|Any CPU
		{8A42C677-C4B7-4BFD-834C-EBC4EBA83E19}.Release|x86.ActiveCfg = Release|Any CPU
		{8A42C677-C4B7-4BFD-834C-EBC4EBA83E19}.Release|x86.Build.0 = Release|Any CPU
		{180E1EB4-EE26-413E-B87C-4735DFFD6941}.Debug|Any CPU.ActiveCfg = Debug|Any CPU
		{180E1EB4-EE26-413E-B87C-4735DFFD6941}.Debug|Any CPU.Build.0 = Debug|Any CPU
		{180E1EB4-EE26-413E-B87C-4735DFFD6941}.Debug|x86.ActiveCfg = Debug|Any CPU
		{180E1EB4-EE26-413E-B87C-4735DFFD6941}.Debug|x86.Build.0 = Debug|Any CPU
		{180E1EB4-EE26-413E-B87C-4735DFFD6941}.Release|Any CPU.ActiveCfg = Release|Any CPU
		{180E1EB4-EE26-413E-B87C-4735DFFD6941}.Release|Any CPU.Build.0 = Release|Any CPU
		{180E1EB4-EE26-413E-B87C-4735DFFD6941}.Release|x86.ActiveCfg = Release|Any CPU
		{180E1EB4-EE26-413E-B87C-4735DFFD6941}.Release|x86.Build.0 = Release|Any CPU
		{E689664C-430F-4C2E-995C-6CAE6EDB73DE}.Debug|Any CPU.ActiveCfg = Debug|Any CPU
		{E689664C-430F-4C2E-995C-6CAE6EDB73DE}.Debug|Any CPU.Build.0 = Debug|Any CPU
		{E689664C-430F-4C2E-995C-6CAE6EDB73DE}.Debug|x86.ActiveCfg = Debug|Any CPU
		{E689664C-430F-4C2E-995C-6CAE6EDB73DE}.Debug|x86.Build.0 = Debug|Any CPU
		{E689664C-430F-4C2E-995C-6CAE6EDB73DE}.Release|Any CPU.ActiveCfg = Release|Any CPU
		{E689664C-430F-4C2E-995C-6CAE6EDB73DE}.Release|Any CPU.Build.0 = Release|Any CPU
		{E689664C-430F-4C2E-995C-6CAE6EDB73DE}.Release|x86.ActiveCfg = Release|Any CPU
		{E689664C-430F-4C2E-995C-6CAE6EDB73DE}.Release|x86.Build.0 = Release|Any CPU
		{4205C9DF-8E34-4690-99DE-2C98962BEC53}.Debug|Any CPU.ActiveCfg = Debug|Any CPU
		{4205C9DF-8E34-4690-99DE-2C98962BEC53}.Debug|Any CPU.Build.0 = Debug|Any CPU
		{4205C9DF-8E34-4690-99DE-2C98962BEC53}.Debug|x86.ActiveCfg = Debug|Any CPU
		{4205C9DF-8E34-4690-99DE-2C98962BEC53}.Debug|x86.Build.0 = Debug|Any CPU
		{4205C9DF-8E34-4690-99DE-2C98962BEC53}.Release|Any CPU.ActiveCfg = Release|Any CPU
		{4205C9DF-8E34-4690-99DE-2C98962BEC53}.Release|Any CPU.Build.0 = Release|Any CPU
		{4205C9DF-8E34-4690-99DE-2C98962BEC53}.Release|x86.ActiveCfg = Release|Any CPU
		{4205C9DF-8E34-4690-99DE-2C98962BEC53}.Release|x86.Build.0 = Release|Any CPU
		{FCC4C1C0-AA6C-4858-BCBA-3C2CCDE49102}.Debug|Any CPU.ActiveCfg = Debug|Any CPU
		{FCC4C1C0-AA6C-4858-BCBA-3C2CCDE49102}.Debug|Any CPU.Build.0 = Debug|Any CPU
		{FCC4C1C0-AA6C-4858-BCBA-3C2CCDE49102}.Debug|x86.ActiveCfg = Debug|Any CPU
		{FCC4C1C0-AA6C-4858-BCBA-3C2CCDE49102}.Debug|x86.Build.0 = Debug|Any CPU
		{FCC4C1C0-AA6C-4858-BCBA-3C2CCDE49102}.Release|Any CPU.ActiveCfg = Release|Any CPU
		{FCC4C1C0-AA6C-4858-BCBA-3C2CCDE49102}.Release|Any CPU.Build.0 = Release|Any CPU
		{FCC4C1C0-AA6C-4858-BCBA-3C2CCDE49102}.Release|x86.ActiveCfg = Release|Any CPU
		{FCC4C1C0-AA6C-4858-BCBA-3C2CCDE49102}.Release|x86.Build.0 = Release|Any CPU
		{9E967D7F-100E-4021-96B4-EE5D774AA9ED}.Debug|Any CPU.ActiveCfg = Debug|Any CPU
		{9E967D7F-100E-4021-96B4-EE5D774AA9ED}.Debug|Any CPU.Build.0 = Debug|Any CPU
		{9E967D7F-100E-4021-96B4-EE5D774AA9ED}.Debug|x86.ActiveCfg = Debug|Any CPU
		{9E967D7F-100E-4021-96B4-EE5D774AA9ED}.Debug|x86.Build.0 = Debug|Any CPU
		{9E967D7F-100E-4021-96B4-EE5D774AA9ED}.Release|Any CPU.ActiveCfg = Release|Any CPU
		{9E967D7F-100E-4021-96B4-EE5D774AA9ED}.Release|Any CPU.Build.0 = Release|Any CPU
		{9E967D7F-100E-4021-96B4-EE5D774AA9ED}.Release|x86.ActiveCfg = Release|Any CPU
		{9E967D7F-100E-4021-96B4-EE5D774AA9ED}.Release|x86.Build.0 = Release|Any CPU
		{77654024-2052-485A-825E-7E555B12861C}.Debug|Any CPU.ActiveCfg = Debug|Any CPU
		{77654024-2052-485A-825E-7E555B12861C}.Debug|Any CPU.Build.0 = Debug|Any CPU
		{77654024-2052-485A-825E-7E555B12861C}.Debug|x86.ActiveCfg = Debug|Any CPU
		{77654024-2052-485A-825E-7E555B12861C}.Debug|x86.Build.0 = Debug|Any CPU
		{77654024-2052-485A-825E-7E555B12861C}.Release|Any CPU.ActiveCfg = Release|Any CPU
		{77654024-2052-485A-825E-7E555B12861C}.Release|Any CPU.Build.0 = Release|Any CPU
		{77654024-2052-485A-825E-7E555B12861C}.Release|x86.ActiveCfg = Release|Any CPU
		{77654024-2052-485A-825E-7E555B12861C}.Release|x86.Build.0 = Release|Any CPU
		{5AA4B75F-FD4C-4D0C-B945-22F0E3C5F5C7}.Debug|Any CPU.ActiveCfg = Debug|Any CPU
		{5AA4B75F-FD4C-4D0C-B945-22F0E3C5F5C7}.Debug|Any CPU.Build.0 = Debug|Any CPU
		{5AA4B75F-FD4C-4D0C-B945-22F0E3C5F5C7}.Debug|x86.ActiveCfg = Debug|Any CPU
		{5AA4B75F-FD4C-4D0C-B945-22F0E3C5F5C7}.Debug|x86.Build.0 = Debug|Any CPU
		{5AA4B75F-FD4C-4D0C-B945-22F0E3C5F5C7}.Release|Any CPU.ActiveCfg = Release|Any CPU
		{5AA4B75F-FD4C-4D0C-B945-22F0E3C5F5C7}.Release|Any CPU.Build.0 = Release|Any CPU
		{5AA4B75F-FD4C-4D0C-B945-22F0E3C5F5C7}.Release|x86.ActiveCfg = Release|Any CPU
		{5AA4B75F-FD4C-4D0C-B945-22F0E3C5F5C7}.Release|x86.Build.0 = Release|Any CPU
		{A0BD60CB-C53B-4F80-B48E-E02363908876}.Debug|Any CPU.ActiveCfg = Debug|Any CPU
		{A0BD60CB-C53B-4F80-B48E-E02363908876}.Debug|Any CPU.Build.0 = Debug|Any CPU
		{A0BD60CB-C53B-4F80-B48E-E02363908876}.Debug|x86.ActiveCfg = Debug|Any CPU
		{A0BD60CB-C53B-4F80-B48E-E02363908876}.Debug|x86.Build.0 = Debug|Any CPU
		{A0BD60CB-C53B-4F80-B48E-E02363908876}.Release|Any CPU.ActiveCfg = Release|Any CPU
		{A0BD60CB-C53B-4F80-B48E-E02363908876}.Release|Any CPU.Build.0 = Release|Any CPU
		{A0BD60CB-C53B-4F80-B48E-E02363908876}.Release|x86.ActiveCfg = Release|Any CPU
		{A0BD60CB-C53B-4F80-B48E-E02363908876}.Release|x86.Build.0 = Release|Any CPU
		{D1EA4222-0C5E-42DD-B5E5-2AA68993E98C}.Debug|Any CPU.ActiveCfg = Debug|Any CPU
		{D1EA4222-0C5E-42DD-B5E5-2AA68993E98C}.Debug|Any CPU.Build.0 = Debug|Any CPU
		{D1EA4222-0C5E-42DD-B5E5-2AA68993E98C}.Debug|x86.ActiveCfg = Debug|Any CPU
		{D1EA4222-0C5E-42DD-B5E5-2AA68993E98C}.Debug|x86.Build.0 = Debug|Any CPU
		{D1EA4222-0C5E-42DD-B5E5-2AA68993E98C}.Release|Any CPU.ActiveCfg = Release|Any CPU
		{D1EA4222-0C5E-42DD-B5E5-2AA68993E98C}.Release|Any CPU.Build.0 = Release|Any CPU
		{D1EA4222-0C5E-42DD-B5E5-2AA68993E98C}.Release|x86.ActiveCfg = Release|Any CPU
		{D1EA4222-0C5E-42DD-B5E5-2AA68993E98C}.Release|x86.Build.0 = Release|Any CPU
		{83F2314A-8521-417F-BCE7-4CFF447242BF}.Debug|Any CPU.ActiveCfg = Debug|Any CPU
		{83F2314A-8521-417F-BCE7-4CFF447242BF}.Debug|Any CPU.Build.0 = Debug|Any CPU
		{83F2314A-8521-417F-BCE7-4CFF447242BF}.Debug|x86.ActiveCfg = Debug|Any CPU
		{83F2314A-8521-417F-BCE7-4CFF447242BF}.Debug|x86.Build.0 = Debug|Any CPU
		{83F2314A-8521-417F-BCE7-4CFF447242BF}.Release|Any CPU.ActiveCfg = Release|Any CPU
		{83F2314A-8521-417F-BCE7-4CFF447242BF}.Release|Any CPU.Build.0 = Release|Any CPU
		{83F2314A-8521-417F-BCE7-4CFF447242BF}.Release|x86.ActiveCfg = Release|Any CPU
		{83F2314A-8521-417F-BCE7-4CFF447242BF}.Release|x86.Build.0 = Release|Any CPU
		{1A2DBB76-FFFC-421C-8CFB-B29C531E8A83}.Debug|Any CPU.ActiveCfg = Debug|Any CPU
		{1A2DBB76-FFFC-421C-8CFB-B29C531E8A83}.Debug|Any CPU.Build.0 = Debug|Any CPU
		{1A2DBB76-FFFC-421C-8CFB-B29C531E8A83}.Debug|x86.ActiveCfg = Debug|Any CPU
		{1A2DBB76-FFFC-421C-8CFB-B29C531E8A83}.Debug|x86.Build.0 = Debug|Any CPU
		{1A2DBB76-FFFC-421C-8CFB-B29C531E8A83}.Release|Any CPU.ActiveCfg = Release|Any CPU
		{1A2DBB76-FFFC-421C-8CFB-B29C531E8A83}.Release|Any CPU.Build.0 = Release|Any CPU
		{1A2DBB76-FFFC-421C-8CFB-B29C531E8A83}.Release|x86.ActiveCfg = Release|Any CPU
		{1A2DBB76-FFFC-421C-8CFB-B29C531E8A83}.Release|x86.Build.0 = Release|Any CPU
		{5946DD3C-8030-44B6-B58C-A05CF047E071}.Debug|Any CPU.ActiveCfg = Debug|Any CPU
		{5946DD3C-8030-44B6-B58C-A05CF047E071}.Debug|Any CPU.Build.0 = Debug|Any CPU
		{5946DD3C-8030-44B6-B58C-A05CF047E071}.Debug|x86.ActiveCfg = Debug|Any CPU
		{5946DD3C-8030-44B6-B58C-A05CF047E071}.Debug|x86.Build.0 = Debug|Any CPU
		{5946DD3C-8030-44B6-B58C-A05CF047E071}.Release|Any CPU.ActiveCfg = Release|Any CPU
		{5946DD3C-8030-44B6-B58C-A05CF047E071}.Release|Any CPU.Build.0 = Release|Any CPU
		{5946DD3C-8030-44B6-B58C-A05CF047E071}.Release|x86.ActiveCfg = Release|Any CPU
		{5946DD3C-8030-44B6-B58C-A05CF047E071}.Release|x86.Build.0 = Release|Any CPU
		{2F098758-44DB-4D39-A4C0-598F304F29EA}.Debug|Any CPU.ActiveCfg = Debug|Any CPU
		{2F098758-44DB-4D39-A4C0-598F304F29EA}.Debug|Any CPU.Build.0 = Debug|Any CPU
		{2F098758-44DB-4D39-A4C0-598F304F29EA}.Debug|x86.ActiveCfg = Debug|Any CPU
		{2F098758-44DB-4D39-A4C0-598F304F29EA}.Debug|x86.Build.0 = Debug|Any CPU
		{2F098758-44DB-4D39-A4C0-598F304F29EA}.Release|Any CPU.ActiveCfg = Release|Any CPU
		{2F098758-44DB-4D39-A4C0-598F304F29EA}.Release|Any CPU.Build.0 = Release|Any CPU
		{2F098758-44DB-4D39-A4C0-598F304F29EA}.Release|x86.ActiveCfg = Release|Any CPU
		{2F098758-44DB-4D39-A4C0-598F304F29EA}.Release|x86.Build.0 = Release|Any CPU
		{F55E6AFD-F06F-425D-BC82-E558994CA1C9}.Debug|Any CPU.ActiveCfg = Debug|Any CPU
		{F55E6AFD-F06F-425D-BC82-E558994CA1C9}.Debug|Any CPU.Build.0 = Debug|Any CPU
		{F55E6AFD-F06F-425D-BC82-E558994CA1C9}.Debug|x86.ActiveCfg = Debug|Any CPU
		{F55E6AFD-F06F-425D-BC82-E558994CA1C9}.Debug|x86.Build.0 = Debug|Any CPU
		{F55E6AFD-F06F-425D-BC82-E558994CA1C9}.Release|Any CPU.ActiveCfg = Release|Any CPU
		{F55E6AFD-F06F-425D-BC82-E558994CA1C9}.Release|Any CPU.Build.0 = Release|Any CPU
		{F55E6AFD-F06F-425D-BC82-E558994CA1C9}.Release|x86.ActiveCfg = Release|Any CPU
		{F55E6AFD-F06F-425D-BC82-E558994CA1C9}.Release|x86.Build.0 = Release|Any CPU
		{FC96A2B2-C49B-4BE6-832A-9E5BD28675BE}.Debug|Any CPU.ActiveCfg = Debug|Any CPU
		{FC96A2B2-C49B-4BE6-832A-9E5BD28675BE}.Debug|Any CPU.Build.0 = Debug|Any CPU
		{FC96A2B2-C49B-4BE6-832A-9E5BD28675BE}.Debug|x86.ActiveCfg = Debug|Any CPU
		{FC96A2B2-C49B-4BE6-832A-9E5BD28675BE}.Debug|x86.Build.0 = Debug|Any CPU
		{FC96A2B2-C49B-4BE6-832A-9E5BD28675BE}.Release|Any CPU.ActiveCfg = Release|Any CPU
		{FC96A2B2-C49B-4BE6-832A-9E5BD28675BE}.Release|Any CPU.Build.0 = Release|Any CPU
		{FC96A2B2-C49B-4BE6-832A-9E5BD28675BE}.Release|x86.ActiveCfg = Release|Any CPU
		{FC96A2B2-C49B-4BE6-832A-9E5BD28675BE}.Release|x86.Build.0 = Release|Any CPU
		{469005C8-9002-4946-B015-46F92F6B7A00}.Debug|Any CPU.ActiveCfg = Debug|Any CPU
		{469005C8-9002-4946-B015-46F92F6B7A00}.Debug|Any CPU.Build.0 = Debug|Any CPU
		{469005C8-9002-4946-B015-46F92F6B7A00}.Debug|x86.ActiveCfg = Debug|Any CPU
		{469005C8-9002-4946-B015-46F92F6B7A00}.Debug|x86.Build.0 = Debug|Any CPU
		{469005C8-9002-4946-B015-46F92F6B7A00}.Release|Any CPU.ActiveCfg = Release|Any CPU
		{469005C8-9002-4946-B015-46F92F6B7A00}.Release|Any CPU.Build.0 = Release|Any CPU
		{469005C8-9002-4946-B015-46F92F6B7A00}.Release|x86.ActiveCfg = Release|Any CPU
		{469005C8-9002-4946-B015-46F92F6B7A00}.Release|x86.Build.0 = Release|Any CPU
		{51623D1E-2800-40D4-9F15-F2CA56622B91}.Debug|Any CPU.ActiveCfg = Debug|Any CPU
		{51623D1E-2800-40D4-9F15-F2CA56622B91}.Debug|Any CPU.Build.0 = Debug|Any CPU
		{51623D1E-2800-40D4-9F15-F2CA56622B91}.Debug|x86.ActiveCfg = Debug|Any CPU
		{51623D1E-2800-40D4-9F15-F2CA56622B91}.Debug|x86.Build.0 = Debug|Any CPU
		{51623D1E-2800-40D4-9F15-F2CA56622B91}.Release|Any CPU.ActiveCfg = Release|Any CPU
		{51623D1E-2800-40D4-9F15-F2CA56622B91}.Release|Any CPU.Build.0 = Release|Any CPU
		{51623D1E-2800-40D4-9F15-F2CA56622B91}.Release|x86.ActiveCfg = Release|Any CPU
		{51623D1E-2800-40D4-9F15-F2CA56622B91}.Release|x86.Build.0 = Release|Any CPU
		{FFDFBBCD-30A8-46B9-A537-2BD3CF32D19A}.Debug|Any CPU.ActiveCfg = Debug|Any CPU
		{FFDFBBCD-30A8-46B9-A537-2BD3CF32D19A}.Debug|Any CPU.Build.0 = Debug|Any CPU
		{FFDFBBCD-30A8-46B9-A537-2BD3CF32D19A}.Debug|x86.ActiveCfg = Debug|Any CPU
		{FFDFBBCD-30A8-46B9-A537-2BD3CF32D19A}.Debug|x86.Build.0 = Debug|Any CPU
		{FFDFBBCD-30A8-46B9-A537-2BD3CF32D19A}.Release|Any CPU.ActiveCfg = Release|Any CPU
		{FFDFBBCD-30A8-46B9-A537-2BD3CF32D19A}.Release|Any CPU.Build.0 = Release|Any CPU
		{FFDFBBCD-30A8-46B9-A537-2BD3CF32D19A}.Release|x86.ActiveCfg = Release|Any CPU
		{FFDFBBCD-30A8-46B9-A537-2BD3CF32D19A}.Release|x86.Build.0 = Release|Any CPU
		{AE5E2942-C706-4516-8AFB-60CD54A039DB}.Debug|Any CPU.ActiveCfg = Debug|Any CPU
		{AE5E2942-C706-4516-8AFB-60CD54A039DB}.Debug|Any CPU.Build.0 = Debug|Any CPU
		{AE5E2942-C706-4516-8AFB-60CD54A039DB}.Debug|x86.ActiveCfg = Debug|Any CPU
		{AE5E2942-C706-4516-8AFB-60CD54A039DB}.Debug|x86.Build.0 = Debug|Any CPU
		{AE5E2942-C706-4516-8AFB-60CD54A039DB}.Release|Any CPU.ActiveCfg = Release|Any CPU
		{AE5E2942-C706-4516-8AFB-60CD54A039DB}.Release|Any CPU.Build.0 = Release|Any CPU
		{AE5E2942-C706-4516-8AFB-60CD54A039DB}.Release|x86.ActiveCfg = Release|Any CPU
		{AE5E2942-C706-4516-8AFB-60CD54A039DB}.Release|x86.Build.0 = Release|Any CPU
		{324AD807-8C48-4AA1-8D0E-F64B530D3EE0}.Debug|Any CPU.ActiveCfg = Debug|Any CPU
		{324AD807-8C48-4AA1-8D0E-F64B530D3EE0}.Debug|Any CPU.Build.0 = Debug|Any CPU
		{324AD807-8C48-4AA1-8D0E-F64B530D3EE0}.Debug|x86.ActiveCfg = Debug|Any CPU
		{324AD807-8C48-4AA1-8D0E-F64B530D3EE0}.Debug|x86.Build.0 = Debug|Any CPU
		{324AD807-8C48-4AA1-8D0E-F64B530D3EE0}.Release|Any CPU.ActiveCfg = Release|Any CPU
		{324AD807-8C48-4AA1-8D0E-F64B530D3EE0}.Release|Any CPU.Build.0 = Release|Any CPU
		{324AD807-8C48-4AA1-8D0E-F64B530D3EE0}.Release|x86.ActiveCfg = Release|Any CPU
		{324AD807-8C48-4AA1-8D0E-F64B530D3EE0}.Release|x86.Build.0 = Release|Any CPU
	EndGlobalSection
	GlobalSection(SolutionProperties) = preSolution
		HideSolutionNode = FALSE
	EndGlobalSection
	GlobalSection(NestedProjects) = preSolution
		{CA2188A6-E3C7-4A61-A283-1E122F587161} = {D6F23351-2D78-4695-AA4F-B0F40AD034F5}
		{3B0E059C-2350-4A9B-9FCD-1A5986FB441F} = {3ED875F0-A172-4043-A37A-37480192B2FD}
		{4A9D0C50-B20D-439E-AA4F-B17E8688981E} = {3ED875F0-A172-4043-A37A-37480192B2FD}
		{B54D7AA6-AF78-4987-BF68-76DDE21699E1} = {F548F1E1-4336-44B9-890C-DB9BD16204E4}
		{F9BAB00E-42DC-44EE-82DF-A4A1F7B7BCE8} = {50A0EB88-6F60-4895-8B9B-CD07D1A4D6DB}
		{2D522EA9-4742-4621-AF1E-7C7C0ADC0460} = {50A0EB88-6F60-4895-8B9B-CD07D1A4D6DB}
		{FCE661A7-9A33-4D74-874E-C31D1CFD7576} = {2D522EA9-4742-4621-AF1E-7C7C0ADC0460}
		{F3B6E8D9-9FCD-4B67-99BF-FC72E2D1B735} = {50A0EB88-6F60-4895-8B9B-CD07D1A4D6DB}
		{8A42C677-C4B7-4BFD-834C-EBC4EBA83E19} = {F3B6E8D9-9FCD-4B67-99BF-FC72E2D1B735}
		{180E1EB4-EE26-413E-B87C-4735DFFD6941} = {832F5199-09E1-48C5-92F8-AF7303EEE703}
		{E689664C-430F-4C2E-995C-6CAE6EDB73DE} = {D7470BC8-5535-4A3F-8212-F59D0CD4A95E}
		{CBF327D8-E178-44E6-8983-2A2414EB46BC} = {D7470BC8-5535-4A3F-8212-F59D0CD4A95E}
		{98714E39-35CA-4276-A66B-E03677CA712E} = {D7470BC8-5535-4A3F-8212-F59D0CD4A95E}
		{4205C9DF-8E34-4690-99DE-2C98962BEC53} = {CBF327D8-E178-44E6-8983-2A2414EB46BC}
		{FCC4C1C0-AA6C-4858-BCBA-3C2CCDE49102} = {98714E39-35CA-4276-A66B-E03677CA712E}
		{9E967D7F-100E-4021-96B4-EE5D774AA9ED} = {0C793DE9-351A-4698-B6F5-0FA14F6D71C7}
		{52A2E0F1-6021-4FFA-81A3-1FE8F0EE7012} = {0C793DE9-351A-4698-B6F5-0FA14F6D71C7}
		{44A4140E-1C88-421D-8D62-1301B000049B} = {0C793DE9-351A-4698-B6F5-0FA14F6D71C7}
		{2084B055-6F28-4807-BE1E-5C5A9935BB36} = {0C793DE9-351A-4698-B6F5-0FA14F6D71C7}
		{D6245196-2EF0-48E3-B841-FFBB91E4BE0D} = {0C793DE9-351A-4698-B6F5-0FA14F6D71C7}
		{A3F4E60D-E780-4D0C-9012-79D181031292} = {0C793DE9-351A-4698-B6F5-0FA14F6D71C7}
		{77654024-2052-485A-825E-7E555B12861C} = {52A2E0F1-6021-4FFA-81A3-1FE8F0EE7012}
		{5AA4B75F-FD4C-4D0C-B945-22F0E3C5F5C7} = {44A4140E-1C88-421D-8D62-1301B000049B}
		{A0BD60CB-C53B-4F80-B48E-E02363908876} = {2084B055-6F28-4807-BE1E-5C5A9935BB36}
		{D1EA4222-0C5E-42DD-B5E5-2AA68993E98C} = {D6245196-2EF0-48E3-B841-FFBB91E4BE0D}
		{83F2314A-8521-417F-BCE7-4CFF447242BF} = {A3F4E60D-E780-4D0C-9012-79D181031292}
		{1A2DBB76-FFFC-421C-8CFB-B29C531E8A83} = {F6B7E235-1B97-4FA8-9BD2-F0B914ABEFE3}
		{5946DD3C-8030-44B6-B58C-A05CF047E071} = {AC9FCD66-BD43-4768-BE22-FCACCF1CCA2D}
		{B94E3E3A-6E32-4196-B591-F1D806391EC0} = {AC9FCD66-BD43-4768-BE22-FCACCF1CCA2D}
		{2F098758-44DB-4D39-A4C0-598F304F29EA} = {B94E3E3A-6E32-4196-B591-F1D806391EC0}
		{9F274987-493B-4FE1-9B6E-96C2EE9E46B4} = {AC9FCD66-BD43-4768-BE22-FCACCF1CCA2D}
		{5AFA0574-D5F4-4EAE-A719-B8336EDDF3B1} = {AC9FCD66-BD43-4768-BE22-FCACCF1CCA2D}
		{6547266A-7E56-4DEC-A56C-0E63DD27913B} = {AC9FCD66-BD43-4768-BE22-FCACCF1CCA2D}
		{F55E6AFD-F06F-425D-BC82-E558994CA1C9} = {6547266A-7E56-4DEC-A56C-0E63DD27913B}
		{FC96A2B2-C49B-4BE6-832A-9E5BD28675BE} = {5AFA0574-D5F4-4EAE-A719-B8336EDDF3B1}
		{469005C8-9002-4946-B015-46F92F6B7A00} = {9F274987-493B-4FE1-9B6E-96C2EE9E46B4}
		{51623D1E-2800-40D4-9F15-F2CA56622B91} = {E39EC7BE-BF3A-42AF-A12D-45C24E9F7F97}
		{FFDFBBCD-30A8-46B9-A537-2BD3CF32D19A} = {ED8F7782-26F5-4A59-B03F-243C2BB94946}
		{AE5E2942-C706-4516-8AFB-60CD54A039DB} = {2591E7C3-9CA0-4E88-BBB4-B09F2DBC75A6}
		{324AD807-8C48-4AA1-8D0E-F64B530D3EE0} = {90F594C6-3B4A-48CC-9342-C4784EC5E786}
	EndGlobalSection
	GlobalSection(ExtensibilityGlobals) = postSolution
		SolutionGuid = {E63664E2-59E1-4FE6-B9FC-388CA979CD5B}
	EndGlobalSection
EndGlobal
