
Microsoft Visual Studio Solution File, Format Version 12.00
# Visual Studio Version 16
VisualStudioVersion = 16.0.29709.97
MinimumVisualStudioVersion = 10.0.40219.1
Project("{FAE04EC0-301F-11D3-BF4B-00C04F79EFBC}") = "SampleThread", "SampleThread.csproj", "{469005C8-9002-4946-B015-46F92F6B7A00}"
EndProject
Global
	GlobalSection(SolutionConfigurationPlatforms) = preSolution
		Debug|Any CPU = Debug|Any CPU
		Release|Any CPU = Release|Any CPU
	EndGlobalSection
	GlobalSection(ProjectConfigurationPlatforms) = postSolution
		{469005C8-9002-4946-B015-46F92F6B7A00}.Debug|Any CPU.ActiveCfg = Debug|Any CPU
		{469005C8-9002-4946-B015-46F92F6B7A00}.Debug|Any CPU.Build.0 = Debug|Any CPU
		{469005C8-9002-4946-B015-46F92F6B7A00}.Release|Any CPU.ActiveCfg = Release|Any CPU
		{469005C8-9002-4946-B015-46F92F6B7A00}.Release|Any CPU.Build.0 = Release|Any CPU
	EndGlobalSection
	GlobalSection(SolutionProperties) = preSolution
		HideSolutionNode = FALSE
	EndGlobalSection
	GlobalSection(ExtensibilityGlobals) = postSolution
		SolutionGuid = {DEFF0FEC-0C37-4344-B416-953C9DA11137}
	EndGlobalSection
EndGlobal
