
Microsoft Visual Studio Solution File, Format Version 12.00
# Visual Studio 15
VisualStudioVersion = 15.0.27130.2020
MinimumVisualStudioVersion = 10.0.40219.1
Project("{FAE04EC0-301F-11D3-BF4B-00C04F79EFBC}") = "Week 7", "Weeek 7\Week 7.csproj", "{9E967D7F-100E-4021-96B4-EE5D774AA9ED}"
EndProject
Project("{FAE04EC0-301F-11D3-BF4B-00C04F79EFBC}") = "BouncingBall", "BouncingBall\BouncingBall\BouncingBall.csproj", "{83F2314A-8521-417F-BCE7-4CFF447242BF}"
EndProject
Project("{FAE04EC0-301F-11D3-BF4B-00C04F79EFBC}") = "MousePosition", "MousePosition\MousePosition\MousePosition.csproj", "{D1EA4222-0C5E-42DD-B5E5-2AA68993E98C}"
EndProject
Project("{FAE04EC0-301F-11D3-BF4B-00C04F79EFBC}") = "PaddleDemo", "PaddleDemo\PaddleDemo\PaddleDemo.csproj", "{A0BD60CB-C53B-4F80-B48E-E02363908876}"
EndProject
Project("{FAE04EC0-301F-11D3-BF4B-00C04F79EFBC}") = "PrecisionTimers", "PrecisionTimer\MMTimer\PrecisionTimers.csproj", "{5AA4B75F-FD4C-4D0C-B945-22F0E3C5F5C7}"
EndProject
Project("{FAE04EC0-301F-11D3-BF4B-00C04F79EFBC}") = "TimerDemo", "TimerDemo\TimerDemo\TimerDemo.csproj", "{77654024-2052-485A-825E-7E555B12861C}"
EndProject
Global
	GlobalSection(SolutionConfigurationPlatforms) = preSolution
		Debug|Any CPU = Debug|Any CPU
		Release|Any CPU = Release|Any CPU
	EndGlobalSection
	GlobalSection(ProjectConfigurationPlatforms) = postSolution
		{9E967D7F-100E-4021-96B4-EE5D774AA9ED}.Debug|Any CPU.ActiveCfg = Debug|Any CPU
		{9E967D7F-100E-4021-96B4-EE5D774AA9ED}.Debug|Any CPU.Build.0 = Debug|Any CPU
		{9E967D7F-100E-4021-96B4-EE5D774AA9ED}.Release|Any CPU.ActiveCfg = Release|Any CPU
		{9E967D7F-100E-4021-96B4-EE5D774AA9ED}.Release|Any CPU.Build.0 = Release|Any CPU
		{83F2314A-8521-417F-BCE7-4CFF447242BF}.Debug|Any CPU.ActiveCfg = Debug|Any CPU
		{83F2314A-8521-417F-BCE7-4CFF447242BF}.Debug|Any CPU.Build.0 = Debug|Any CPU
		{83F2314A-8521-417F-BCE7-4CFF447242BF}.Release|Any CPU.ActiveCfg = Release|Any CPU
		{83F2314A-8521-417F-BCE7-4CFF447242BF}.Release|Any CPU.Build.0 = Release|Any CPU
		{D1EA4222-0C5E-42DD-B5E5-2AA68993E98C}.Debug|Any CPU.ActiveCfg = Debug|Any CPU
		{D1EA4222-0C5E-42DD-B5E5-2AA68993E98C}.Debug|Any CPU.Build.0 = Debug|Any CPU
		{D1EA4222-0C5E-42DD-B5E5-2AA68993E98C}.Release|Any CPU.ActiveCfg = Release|Any CPU
		{D1EA4222-0C5E-42DD-B5E5-2AA68993E98C}.Release|Any CPU.Build.0 = Release|Any CPU
		{A0BD60CB-C53B-4F80-B48E-E02363908876}.Debug|Any CPU.ActiveCfg = Debug|Any CPU
		{A0BD60CB-C53B-4F80-B48E-E02363908876}.Debug|Any CPU.Build.0 = Debug|Any CPU
		{A0BD60CB-C53B-4F80-B48E-E02363908876}.Release|Any CPU.ActiveCfg = Release|Any CPU
		{A0BD60CB-C53B-4F80-B48E-E02363908876}.Release|Any CPU.Build.0 = Release|Any CPU
		{5AA4B75F-FD4C-4D0C-B945-22F0E3C5F5C7}.Debug|Any CPU.ActiveCfg = Debug|Any CPU
		{5AA4B75F-FD4C-4D0C-B945-22F0E3C5F5C7}.Debug|Any CPU.Build.0 = Debug|Any CPU
		{5AA4B75F-FD4C-4D0C-B945-22F0E3C5F5C7}.Release|Any CPU.ActiveCfg = Release|Any CPU
		{5AA4B75F-FD4C-4D0C-B945-22F0E3C5F5C7}.Release|Any CPU.Build.0 = Release|Any CPU
		{77654024-2052-485A-825E-7E555B12861C}.Debug|Any CPU.ActiveCfg = Debug|Any CPU
		{77654024-2052-485A-825E-7E555B12861C}.Debug|Any CPU.Build.0 = Debug|Any CPU
		{77654024-2052-485A-825E-7E555B12861C}.Release|Any CPU.ActiveCfg = Release|Any CPU
		{77654024-2052-485A-825E-7E555B12861C}.Release|Any CPU.Build.0 = Release|Any CPU
	EndGlobalSection
	GlobalSection(SolutionProperties) = preSolution
		HideSolutionNode = FALSE
	EndGlobalSection
	GlobalSection(ExtensibilityGlobals) = postSolution
		SolutionGuid = {6A0953D4-344D-47D7-9034-A98C89593B2C}
	EndGlobalSection
EndGlobal
